
Microsoft Visual Studio Solution File, Format Version 12.00
# Visual Studio Version 17
VisualStudioVersion = 17.8.34330.188
MinimumVisualStudioVersion = 10.0.40219.1
Project("{FAE04EC0-301F-11D3-BF4B-00C04F79EFBC}") = "Maze", "Maze\Maze.csproj", "{F9DDB0B1-E2A4-4826-9265-60F698893F0E}"
EndProject
Project("{FAE04EC0-301F-11D3-BF4B-00C04F79EFBC}") = "GameLibrary", "GameLibrary\GameLibrary.csproj", "{0C0D8A9C-5259-4AD0-B934-A7850AA4CE0A}"
EndProject
Project("{FAE04EC0-301F-11D3-BF4B-00C04F79EFBC}") = "EngineLibrary", "EngineLibrary\EngineLibrary.csproj", "{117BE065-E9E9-4D5C-92A4-16D035041F80}"
EndProject
Project("{FAE04EC0-301F-11D3-BF4B-00C04F79EFBC}") = "UnitTestGame", "UnitTestGame\UnitTestGame.csproj", "{0F71B22E-59D9-4254-8853-9F5820E480B8}"
EndProject
Project("{FAE04EC0-301F-11D3-BF4B-00C04F79EFBC}") = "NetworkLibrary", "NetworkLibrary\NetworkLibrary.csproj", "{D308BAAC-EA41-44BB-8460-36354A508A1D}"
EndProject
Global
	GlobalSection(SolutionConfigurationPlatforms) = preSolution
		Debug|Any CPU = Debug|Any CPU
		Release|Any CPU = Release|Any CPU
	EndGlobalSection
	GlobalSection(ProjectConfigurationPlatforms) = postSolution
		{F9DDB0B1-E2A4-4826-9265-60F698893F0E}.Debug|Any CPU.ActiveCfg = Debug|Any CPU
		{F9DDB0B1-E2A4-4826-9265-60F698893F0E}.Debug|Any CPU.Build.0 = Debug|Any CPU
		{F9DDB0B1-E2A4-4826-9265-60F698893F0E}.Release|Any CPU.ActiveCfg = Release|Any CPU
		{F9DDB0B1-E2A4-4826-9265-60F698893F0E}.Release|Any CPU.Build.0 = Release|Any CPU
		{0C0D8A9C-5259-4AD0-B934-A7850AA4CE0A}.Debug|Any CPU.ActiveCfg = Debug|Any CPU
		{0C0D8A9C-5259-4AD0-B934-A7850AA4CE0A}.Debug|Any CPU.Build.0 = Debug|Any CPU
		{0C0D8A9C-5259-4AD0-B934-A7850AA4CE0A}.Release|Any CPU.ActiveCfg = Release|Any CPU
		{0C0D8A9C-5259-4AD0-B934-A7850AA4CE0A}.Release|Any CPU.Build.0 = Release|Any CPU
		{117BE065-E9E9-4D5C-92A4-16D035041F80}.Debug|Any CPU.ActiveCfg = Debug|Any CPU
		{117BE065-E9E9-4D5C-92A4-16D035041F80}.Debug|Any CPU.Build.0 = Debug|Any CPU
		{117BE065-E9E9-4D5C-92A4-16D035041F80}.Release|Any CPU.ActiveCfg = Release|Any CPU
		{117BE065-E9E9-4D5C-92A4-16D035041F80}.Release|Any CPU.Build.0 = Release|Any CPU
		{0F71B22E-59D9-4254-8853-9F5820E480B8}.Debug|Any CPU.ActiveCfg = Debug|Any CPU
		{0F71B22E-59D9-4254-8853-9F5820E480B8}.Debug|Any CPU.Build.0 = Debug|Any CPU
		{0F71B22E-59D9-4254-8853-9F5820E480B8}.Release|Any CPU.ActiveCfg = Release|Any CPU
		{0F71B22E-59D9-4254-8853-9F5820E480B8}.Release|Any CPU.Build.0 = Release|Any CPU
		{D308BAAC-EA41-44BB-8460-36354A508A1D}.Debug|Any CPU.ActiveCfg = Debug|Any CPU
		{D308BAAC-EA41-44BB-8460-36354A508A1D}.Debug|Any CPU.Build.0 = Debug|Any CPU
		{D308BAAC-EA41-44BB-8460-36354A508A1D}.Release|Any CPU.ActiveCfg = Release|Any CPU
		{D308BAAC-EA41-44BB-8460-36354A508A1D}.Release|Any CPU.Build.0 = Release|Any CPU
	EndGlobalSection
	GlobalSection(SolutionProperties) = preSolution
		HideSolutionNode = FALSE
	EndGlobalSection
	GlobalSection(ExtensibilityGlobals) = postSolution
		SolutionGuid = {C73AD1BE-AEAC-45EF-8A75-3EFE47ECC9C7}
	EndGlobalSection
EndGlobal
